schema: '2.0'
stages:
  prepare:
    cmd: python src/preprocessing.py
    deps:
    - path: data/world_happiness_report.csv
      hash: md5
      md5: 534481c77e715cbfdc95ed6ca4f95e0f
      size: 552176
    - path: src/preprocessing.py
      hash: md5
      md5: 1b3f86f6696e3bccb83718995cce3089
      size: 1091
    outs:
    - path: data/processed_X_test_data.csv
      hash: md5
      md5: 2702156fc91b675ee249812c045a6be4
      size: 133883
    - path: data/processed_X_train_data.csv
      hash: md5
      md5: d6ef0883564e15a0eb75e8a264bf3170
      size: 400489
    - path: data/processed_X_val_data.csv
      hash: md5
      md5: be7863e4888d9b8b27b925295055d079
      size: 133878
    - path: data/processed_y_test_data.csv
      hash: md5
      md5: cffbad0c1e74876ee4b105c42e6c03f7
      size: 7700
    - path: data/processed_y_train_data.csv
      hash: md5
      md5: 5b0909e50b5224be8f5461bee0e55794
      size: 23146
    - path: data/processed_y_val_data.csv
      hash: md5
      md5: c59803d77c7d0f5ef8af77e99a06343e
      size: 7712
